---
version: 1
pinned_version: v0.0.0+catalog.33773a292166
digest: sha256:e2f97d9227b65edcff0c7f5218b5bbedc8adfdc11056fdd73b6c58489db46b1d
profiles:
  - id: framework
    version: v0.0.0+catalog.33773a292166
    digest:
      sha256:625c316942f79c37e04e2e9ccac1ddd73cc6c5c4521f9327c3cf4250c3192aab
facets:
  - id: security:high
    version: v0.0.0+catalog.33773a292166
    digest:
      sha256:9bd59f0725d472b1516ba74556feada0e3868f4642bc08dd2d67a2cc26e87778
  - id: api:public-contract
    version: v0.0.0+catalog.33773a292166
    digest:
      sha256:c921d361fcd84da16ee8cf6423d49a1c686c98ed95b62517c903ff2651258276
  - id: docs:seo-portal
    version: v0.0.0+catalog.33773a292166
    digest:
      sha256:145722c161ed8e436369d573c2b736fe7f579b8a1e33a85119e3b10268563428
  - id: agent:sandboxed
    version: v0.0.0+catalog.33773a292166
    digest:
      sha256:bc87486dea71e54d20549d6054dcf290d3d700e37b304cbdb6d6c1a2def895f2
